
Microsoft Visual Studio Solution File, Format Version 12.00
# Visual Studio 15
Project("{FAE04EC0-301F-11D3-BF4B-00C04F79EFBC}") = "lab1", "lab1\lab1.csproj", "{247F8B5A-A4C2-488B-95A2-8874124FB301}"
EndProject
Global
	GlobalSection(SolutionConfigurationPlatforms) = preSolution
		Debug|x86 = Debug|x86
		Release|x86 = Release|x86
	EndGlobalSection
	GlobalSection(ProjectConfigurationPlatforms) = postSolution
		{247F8B5A-A4C2-488B-95A2-8874124FB301}.Debug|x86.ActiveCfg = Debug|x86
		{247F8B5A-A4C2-488B-95A2-8874124FB301}.Debug|x86.Build.0 = Debug|x86
		{247F8B5A-A4C2-488B-95A2-8874124FB301}.Release|x86.ActiveCfg = Release|x86
		{247F8B5A-A4C2-488B-95A2-8874124FB301}.Release|x86.Build.0 = Release|x86
	EndGlobalSection
EndGlobal
